// !$*UTF8*$!
{
	archiveVersion = 1;
	classes = {
	};
	objectVersion = 77;
	objects = {

/* Begin PBXBuildFile section */
		008EAA9D2FB917D400EDF27D /* MWDATMockDevice in Frameworks */ = {isa = PBXBuildFile; productRef = 008EAA9C2FB917D400EDF27D /* MWDATMockDevice */; };
		008EAA9F2FB917D900EDF27D /* MWDATMockDeviceTestClient in Frameworks */ = {isa = PBXBuildFile; productRef = 008EAA9E2FB917D900EDF27D /* MWDATMockDeviceTestClient */; };
		CE19C8012FB8353200437402 /* MWDATCamera in Frameworks */ = {isa = PBXBuildFile; productRef = CE19C8002FB8353200437402 /* MWDATCamera */; };
		CE19C8032FB8353200437402 /* MWDATCore in Frameworks */ = {isa = PBXBuildFile; productRef = CE19C8022FB8353200437402 /* MWDATCore */; };
		CE19C8052FB8353200437402 /* MWDATDisplay in Frameworks */ = {isa = PBXBuildFile; productRef = CE19C8042FB8353200437402 /* MWDATDisplay */; };
		CE19C8072FB8353200437402 /* MWDATMockDevice in Frameworks */ = {isa = PBXBuildFile; productRef = CE19C8062FB8353200437402 /* MWDATMockDevice */; };
		CE19C8092FB8353200437402 /* MWDATMockDeviceTestClient in Frameworks */ = {isa = PBXBuildFile; productRef = CE19C8082FB8353200437402 /* MWDATMockDeviceTestClient */; };
/* End PBXBuildFile section */

/* Begin PBXContainerItemProxy section */
		CE6C37BB2FB82C8F000F7D93 /* PBXContainerItemProxy */ = {
			isa = PBXContainerItemProxy;
			containerPortal = CE6C37A52FB82C8D000F7D93 /* Project object */;
			proxyType = 1;
			remoteGlobalIDString = CE6C37AC2FB82C8D000F7D93;
			remoteInfo = GlassesNotes;
		};
		CE6C37C52FB82C8F000F7D93 /* PBXContainerItemProxy */ = {
			isa = PBXContainerItemProxy;
			containerPortal = CE6C37A52FB82C8D000F7D93 /* Project object */;
			proxyType = 1;
			remoteGlobalIDString = CE6C37AC2FB82C8D000F7D93;
			remoteInfo = GlassesNotes;
		};
/* End PBXContainerItemProxy section */

/* Begin PBXFileReference section */
		CE19C7FD2FB831D000437402 /* README.md */ = {isa = PBXFileReference; lastKnownFileType = net.daringfireball.markdown; path = README.md; sourceTree = "<group>"; };
		CE19C7FE2FB831F800437402 /* .gitignore */ = {isa = PBXFileReference; lastKnownFileType = text; path = .gitignore; sourceTree = "<group>"; };
		CE6C37AD2FB82C8D000F7D93 /* GlassesNotes.app */ = {isa = PBXFileReference; explicitFileType = wrapper.application; includeInIndex = 0; path = GlassesNotes.app; sourceTree = BUILT_PRODUCTS_DIR; };
		CE6C37BA2FB82C8F000F7D93 /* GlassesNotesTests.xctest */ = {isa = PBXFileReference; explicitFileType = wrapper.cfbundle; includeInIndex = 0; path = GlassesNotesTests.xctest; sourceTree = BUILT_PRODUCTS_DIR; };
		CE6C37C42FB82C8F000F7D93 /* GlassesNotesUITests.xctest */ = {isa = PBXFileReference; explicitFileType = wrapper.cfbundle; includeInIndex = 0; path = GlassesNotesUITests.xctest; sourceTree = BUILT_PRODUCTS_DIR; };
/* End PBXFileReference section */

/* Begin PBXFileSystemSynchronizedRootGroup section */
		CE6C37AF2FB82C8D000F7D93 /* GlassesNotes */ = {
			isa = PBXFileSystemSynchronizedRootGroup;
			path = GlassesNotes;
			sourceTree = "<group>";
		};
		CE6C37BD2FB82C8F000F7D93 /* GlassesNotesTests */ = {
			isa = PBXFileSystemSynchronizedRootGroup;
			path = GlassesNotesTests;
			sourceTree = "<group>";
		};
		CE6C37C72FB82C8F000F7D93 /* GlassesNotesUITests */ = {
			isa = PBXFileSystemSynchronizedRootGroup;
			path = GlassesNotesUITests;
			sourceTree = "<group>";
		};
/* End PBXFileSystemSynchronizedRootGroup section */

/* Begin PBXFrameworksBuildPhase section */
		CE6C37AA2FB82C8D000F7D93 /* Frameworks */ = {
			isa = PBXFrameworksBuildPhase;
			buildActionMask = 2147483647;
			files = (
				CE19C8052FB8353200437402 /* MWDATDisplay in Frameworks */,
				CE19C8012FB8353200437402 /* MWDATCamera in Frameworks */,
				CE19C8092FB8353200437402 /* MWDATMockDeviceTestClient in Frameworks */,
				CE19C8072FB8353200437402 /* MWDATMockDevice in Frameworks */,
				CE19C8032FB8353200437402 /* MWDATCore in Frameworks */,
			);
			runOnlyForDeploymentPostprocessing = 0;
		};
		CE6C37B72FB82C8F000F7D93 /* Frameworks */ = {
			isa = PBXFrameworksBuildPhase;
			buildActionMask = 2147483647;
			files = (
				008EAA9D2FB917D400EDF27D /* MWDATMockDevice in Frameworks */,
				008EAA9F2FB917D900EDF27D /* MWDATMockDeviceTestClient in Frameworks */,
			);
			runOnlyForDeploymentPostprocessing = 0;
		};
		CE6C37C12FB82C8F000F7D93 /* Frameworks */ = {
			isa = PBXFrameworksBuildPhase;
			buildActionMask = 2147483647;
			files = (
			);
			runOnlyForDeploymentPostprocessing = 0;
		};
/* End PBXFrameworksBuildPhase section */

/* Begin PBXGroup section */
		008EAA9B2FB917D400EDF27D /* Frameworks */ = {
			isa = PBXGroup;
			children = (
			);
			name = Frameworks;
			sourceTree = "<group>";
		};
		CE6C37A42FB82C8D000F7D93 = {
			isa = PBXGroup;
			children = (
				CE19C7FE2FB831F800437402 /* .gitignore */,
				CE19C7FD2FB831D000437402 /* README.md */,
				CE6C37AF2FB82C8D000F7D93 /* GlassesNotes */,
				CE6C37BD2FB82C8F000F7D93 /* GlassesNotesTests */,
				CE6C37C72FB82C8F000F7D93 /* GlassesNotesUITests */,
				008EAA9B2FB917D400EDF27D /* Frameworks */,
				CE6C37AE2FB82C8D000F7D93 /* Products */,
			);
			sourceTree = "<group>";
		};
		CE6C37AE2FB82C8D000F7D93 /* Products */ = {
			isa = PBXGroup;
			children = (
				CE6C37AD2FB82C8D000F7D93 /* GlassesNotes.app */,
				CE6C37BA2FB82C8F000F7D93 /* GlassesNotesTests.xctest */,
				CE6C37C42FB82C8F000F7D93 /* GlassesNotesUITests.xctest */,
			);
			name = Products;
			sourceTree = "<group>";
		};
/* End PBXGroup section */

/* Begin PBXNativeTarget section */
		CE6C37AC2FB82C8D000F7D93 /* GlassesNotes */ = {
			isa = PBXNativeTarget;
			buildConfigurationList = CE6C37CE2FB82C8F000F7D93 /* Build configuration list for PBXNativeTarget "GlassesNotes" */;
			buildPhases = (
				CE6C37A92FB82C8D000F7D93 /* Sources */,
				CE6C37AA2FB82C8D000F7D93 /* Frameworks */,
				CE6C37AB2FB82C8D000F7D93 /* Resources */,
			);
			buildRules = (
			);
			dependencies = (
			);
			fileSystemSynchronizedGroups = (
				CE6C37AF2FB82C8D000F7D93 /* GlassesNotes */,
			);
			name = GlassesNotes;
			packageProductDependencies = (
				CE19C8002FB8353200437402 /* MWDATCamera */,
				CE19C8022FB8353200437402 /* MWDATCore */,
				CE19C8042FB8353200437402 /* MWDATDisplay */,
				CE19C8062FB8353200437402 /* MWDATMockDevice */,
				CE19C8082FB8353200437402 /* MWDATMockDeviceTestClient */,
			);
			productName = GlassesNotes;
			productReference = CE6C37AD2FB82C8D000F7D93 /* GlassesNotes.app */;
			productType = "com.apple.product-type.application";
		};
		CE6C37B92FB82C8F000F7D93 /* GlassesNotesTests */ = {
			isa = PBXNativeTarget;
			buildConfigurationList = CE6C37D12FB82C8F000F7D93 /* Build configuration list for PBXNativeTarget "GlassesNotesTests" */;
			buildPhases = (
				CE6C37B62FB82C8F000F7D93 /* Sources */,
				CE6C37B72FB82C8F000F7D93 /* Frameworks */,
				CE6C37B82FB82C8F000F7D93 /* Resources */,
			);
			buildRules = (
			);
			dependencies = (
				CE6C37BC2FB82C8F000F7D93 /* PBXTargetDependency */,
			);
			fileSystemSynchronizedGroups = (
				CE6C37BD2FB82C8F000F7D93 /* GlassesNotesTests */,
			);
			name = GlassesNotesTests;
			packageProductDependencies = (
				008EAA9C2FB917D400EDF27D /* MWDATMockDevice */,
				008EAA9E2FB917D900EDF27D /* MWDATMockDeviceTestClient */,
			);
			productName = GlassesNotesTests;
			productReference = CE6C37BA2FB82C8F000F7D93 /* GlassesNotesTests.xctest */;
			productType = "com.apple.product-type.bundle.unit-test";
		};
		CE6C37C32FB82C8F000F7D93 /* GlassesNotesUITests */ = {
			isa = PBXNativeTarget;
			buildConfigurationList = CE6C37D42FB82C8F000F7D93 /* Build configuration list for PBXNativeTarget "GlassesNotesUITests" */;
			buildPhases = (
				CE6C37C02FB82C8F000F7D93 /* Sources */,
				CE6C37C12FB82C8F000F7D93 /* Frameworks */,
				CE6C37C22FB82C8F000F7D93 /* Resources */,
			);
			buildRules = (
			);
			dependencies = (
				CE6C37C62FB82C8F000F7D93 /* PBXTargetDependency */,
			);
			fileSystemSynchronizedGroups = (
				CE6C37C72FB82C8F000F7D93 /* GlassesNotesUITests */,
			);
			name = GlassesNotesUITests;
			packageProductDependencies = (
			);
			productName = GlassesNotesUITests;
			productReference = CE6C37C42FB82C8F000F7D93 /* GlassesNotesUITests.xctest */;
			productType = "com.apple.product-type.bundle.ui-testing";
		};
/* End PBXNativeTarget section */

/* Begin PBXProject section */
		CE6C37A52FB82C8D000F7D93 /* Project object */ = {
			isa = PBXProject;
			attributes = {
				BuildIndependentTargetsInParallel = 1;
				LastSwiftUpdateCheck = 1640;
				LastUpgradeCheck = 1640;
				TargetAttributes = {
					CE6C37AC2FB82C8D000F7D93 = {
						CreatedOnToolsVersion = 16.4;
					};
					CE6C37B92FB82C8F000F7D93 = {
						CreatedOnToolsVersion = 16.4;
						TestTargetID = CE6C37AC2FB82C8D000F7D93;
					};
					CE6C37C32FB82C8F000F7D93 = {
						CreatedOnToolsVersion = 16.4;
						TestTargetID = CE6C37AC2FB82C8D000F7D93;
					};
				};
			};
			buildConfigurationList = CE6C37A82FB82C8D000F7D93 /* Build configuration list for PBXProject "GlassesNotes" */;
			developmentRegion = en;
			hasScannedForEncodings = 0;
			knownRegions = (
				en,
				Base,
			);
			mainGroup = CE6C37A42FB82C8D000F7D93;
			minimizedProjectReferenceProxies = 1;
			packageReferences = (
				CE19C7FF2FB8353200437402 /* XCRemoteSwiftPackageReference "meta-wearables-dat-ios" */,
			);
			preferredProjectObjectVersion = 77;
			productRefGroup = CE6C37AE2FB82C8D000F7D93 /* Products */;
			projectDirPath = "";
			projectRoot = "";
			targets = (
				CE6C37AC2FB82C8D000F7D93 /* GlassesNotes */,
				CE6C37B92FB82C8F000F7D93 /* GlassesNotesTests */,
				CE6C37C32FB82C8F000F7D93 /* GlassesNotesUITests */,
			);
		};
/* End PBXProject section */

/* Begin PBXResourcesBuildPhase section */
		CE6C37AB2FB82C8D000F7D93 /* Resources */ = {
			isa = PBXResourcesBuildPhase;
			buildActionMask = 2147483647;
			files = (
			);
			runOnlyForDeploymentPostprocessing = 0;
		};
		CE6C37B82FB82C8F000F7D93 /* Resources */ = {
			isa = PBXResourcesBuildPhase;
			buildActionMask = 2147483647;
			files = (
			);
			runOnlyForDeploymentPostprocessing = 0;
		};
		CE6C37C22FB82C8F000F7D93 /* Resources */ = {
			isa = PBXResourcesBuildPhase;
			buildActionMask = 2147483647;
			files = (
			);
			runOnlyForDeploymentPostprocessing = 0;
		};
/* End PBXResourcesBuildPhase section */

/* Begin PBXSourcesBuildPhase section */
		CE6C37A92FB82C8D000F7D93 /* Sources */ = {
			isa = PBXSourcesBuildPhase;
			buildActionMask = 2147483647;
			files = (
			);
			runOnlyForDeploymentPostprocessing = 0;
		};
		CE6C37B62FB82C8F000F7D93 /* Sources */ = {
			isa = PBXSourcesBuildPhase;
			buildActionMask = 2147483647;
			files = (
			);
			runOnlyForDeploymentPostprocessing = 0;
		};
		CE6C37C02FB82C8F000F7D93 /* Sources */ = {
			isa = PBXSourcesBuildPhase;
			buildActionMask = 2147483647;
			files = (
			);
			runOnlyForDeploymentPostprocessing = 0;
		};
/* End PBXSourcesBuildPhase section */

/* Begin PBXTargetDependency section */
		CE6C37BC2FB82C8F000F7D93 /* PBXTargetDependency */ = {
			isa = PBXTargetDependency;
			target = CE6C37AC2FB82C8D000F7D93 /* GlassesNotes */;
			targetProxy = CE6C37BB2FB82C8F000F7D93 /* PBXContainerItemProxy */;
		};
		CE6C37C62FB82C8F000F7D93 /* PBXTargetDependency */ = {
			isa = PBXTargetDependency;
			target = CE6C37AC2FB82C8D000F7D93 /* GlassesNotes */;
			targetProxy = CE6C37C52FB82C8F000F7D93 /* PBXContainerItemProxy */;
		};
/* End PBXTargetDependency section */

/* Begin XCBuildConfiguration section */
		CE6C37CC2FB82C8F000F7D93 /* Debug */ = {
			isa = XCBuildConfiguration;
			buildSettings = {
				ALWAYS_SEARCH_USER_PATHS = NO;
				ASSETCATALOG_COMPILER_GENERATE_SWIFT_ASSET_SYMBOL_EXTENSIONS = YES;
				CLANG_ANALYZER_NONNULL = YES;
				CLANG_ANALYZER_NUMBER_OBJECT_CONVERSION = YES_AGGRESSIVE;
				CLANG_CXX_LANGUAGE_STANDARD = "gnu++20";
				CLANG_ENABLE_MODULES = YES;
				CLANG_ENABLE_OBJC_ARC = YES;
				CLANG_ENABLE_OBJC_WEAK = YES;
				CLANG_WARN_BLOCK_CAPTURE_AUTORELEASING = YES;
				CLANG_WARN_BOOL_CONVERSION = YES;
				CLANG_WARN_COMMA = YES;
				CLANG_WARN_CONSTANT_CONVERSION = YES;
				CLANG_WARN_DEPRECATED_OBJC_IMPLEMENTATIONS = YES;
				CLANG_WARN_DIRECT_OBJC_ISA_USAGE = YES_ERROR;
				CLANG_WARN_DOCUMENTATION_COMMENTS = YES;
				CLANG_WARN_EMPTY_BODY = YES;
				CLANG_WARN_ENUM_CONVERSION = YES;
				CLANG_WARN_INFINITE_RECURSION = YES;
				CLANG_WARN_INT_CONVERSION = YES;
				CLANG_WARN_NON_LITERAL_NULL_CONVERSION = YES;
				CLANG_WARN_OBJC_IMPLICIT_RETAIN_SELF = YES;
				CLANG_WARN_OBJC_LITERAL_CONVERSION = YES;
				CLANG_WARN_OBJC_ROOT_CLASS = YES_ERROR;
				CLANG_WARN_QUOTED_INCLUDE_IN_FRAMEWORK_HEADER = YES;
				CLANG_WARN_RANGE_LOOP_ANALYSIS = YES;
				CLANG_WARN_STRICT_PROTOTYPES = YES;
				CLANG_WARN_SUSPICIOUS_MOVE = YES;
				CLANG_WARN_UNGUARDED_AVAILABILITY = YES_AGGRESSIVE;
				CLANG_WARN_UNREACHABLE_CODE = YES;
				CLANG_WARN__DUPLICATE_METHOD_MATCH = YES;
				COPY_PHASE_STRIP = NO;
				DEBUG_INFORMATION_FORMAT = dwarf;
				ENABLE_STRICT_OBJC_MSGSEND = YES;
				ENABLE_TESTABILITY = YES;
				ENABLE_USER_SCRIPT_SANDBOXING = YES;
				GCC_C_LANGUAGE_STANDARD = gnu17;
				GCC_DYNAMIC_NO_PIC = NO;
				GCC_NO_COMMON_BLOCKS = YES;
				GCC_OPTIMIZATION_LEVEL = 0;
				GCC_PREPROCESSOR_DEFINITIONS = (
					"DEBUG=1",
					"$(inherited)",
				);
				GCC_WARN_64_TO_32_BIT_CONVERSION = YES;
				GCC_WARN_ABOUT_RETURN_TYPE = YES_ERROR;
				GCC_WARN_UNDECLARED_SELECTOR = YES;
				GCC_WARN_UNINITIALIZED_AUTOS = YES_AGGRESSIVE;
				GCC_WARN_UNUSED_FUNCTION = YES;
				GCC_WARN_UNUSED_VARIABLE = YES;
				IPHONEOS_DEPLOYMENT_TARGET = 18.5;
				LOCALIZATION_PREFERS_STRING_CATALOGS = YES;
				MTL_ENABLE_DEBUG_INFO = INCLUDE_SOURCE;
				MTL_FAST_MATH = YES;
				ONLY_ACTIVE_ARCH = YES;
				SDKROOT = iphoneos;
				SWIFT_ACTIVE_COMPILATION_CONDITIONS = "DEBUG $(inherited)";
				SWIFT_OPTIMIZATION_LEVEL = "-Onone";
			};
			name = Debug;
		};
		CE6C37CD2FB82C8F000F7D93 /* Release */ = {
			isa = XCBuildConfiguration;
			buildSettings = {
				ALWAYS_SEARCH_USER_PATHS = NO;
				ASSETCATALOG_COMPILER_GENERATE_SWIFT_ASSET_SYMBOL_EXTENSIONS = YES;
				CLANG_ANALYZER_NONNULL = YES;
				CLANG_ANALYZER_NUMBER_OBJECT_CONVERSION = YES_AGGRESSIVE;
				CLANG_CXX_LANGUAGE_STANDARD = "gnu++20";
				CLANG_ENABLE_MODULES = YES;
				CLANG_ENABLE_OBJC_ARC = YES;
				CLANG_ENABLE_OBJC_WEAK = YES;
				CLANG_WARN_BLOCK_CAPTURE_AUTORELEASING = YES;
				CLANG_WARN_BOOL_CONVERSION = YES;
				CLANG_WARN_COMMA = YES;
				CLANG_WARN_CONSTANT_CONVERSION = YES;
				CLANG_WARN_DEPRECATED_OBJC_IMPLEMENTATIONS = YES;
				CLANG_WARN_DIRECT_OBJC_ISA_USAGE = YES_ERROR;
				CLANG_WARN_DOCUMENTATION_COMMENTS = YES;
				CLANG_WARN_EMPTY_BODY = YES;
				CLANG_WARN_ENUM_CONVERSION = YES;
				CLANG_WARN_INFINITE_RECURSION = YES;
				CLANG_WARN_INT_CONVERSION = YES;
				CLANG_WARN_NON_LITERAL_NULL_CONVERSION = YES;
				CLANG_WARN_OBJC_IMPLICIT_RETAIN_SELF = YES;
				CLANG_WARN_OBJC_LITERAL_CONVERSION = YES;
				CLANG_WARN_OBJC_ROOT_CLASS = YES_ERROR;
				CLANG_WARN_QUOTED_INCLUDE_IN_FRAMEWORK_HEADER = YES;
				CLANG_WARN_RANGE_LOOP_ANALYSIS = YES;
				CLANG_WARN_STRICT_PROTOTYPES = YES;
				CLANG_WARN_SUSPICIOUS_MOVE = YES;
				CLANG_WARN_UNGUARDED_AVAILABILITY = YES_AGGRESSIVE;
				CLANG_WARN_UNREACHABLE_CODE = YES;
				CLANG_WARN__DUPLICATE_METHOD_MATCH = YES;
				COPY_PHASE_STRIP = NO;
				DEBUG_INFORMATION_FORMAT = "dwarf-with-dsym";
				ENABLE_NS_ASSERTIONS = NO;
				ENABLE_STRICT_OBJC_MSGSEND = YES;
				ENABLE_USER_SCRIPT_SANDBOXING = YES;
				GCC_C_LANGUAGE_STANDARD = gnu17;
				GCC_NO_COMMON_BLOCKS = YES;
				GCC_WARN_64_TO_32_BIT_CONVERSION = YES;
				GCC_WARN_ABOUT_RETURN_TYPE = YES_ERROR;
				GCC_WARN_UNDECLARED_SELECTOR = YES;
				GCC_WARN_UNINITIALIZED_AUTOS = YES_AGGRESSIVE;
				GCC_WARN_UNUSED_FUNCTION = YES;
				GCC_WARN_UNUSED_VARIABLE = YES;
				IPHONEOS_DEPLOYMENT_TARGET = 18.5;
				LOCALIZATION_PREFERS_STRING_CATALOGS = YES;
				MTL_ENABLE_DEBUG_INFO = NO;
				MTL_FAST_MATH = YES;
				SDKROOT = iphoneos;
				SWIFT_COMPILATION_MODE = wholemodule;
				VALIDATE_PRODUCT = YES;
			};
			name = Release;
		};
		CE6C37CF2FB82C8F000F7D93 /* Debug */ = {
			isa = XCBuildConfiguration;
			buildSettings = {
				ASSETCATALOG_COMPILER_APPICON_NAME = AppIcon;
				ASSETCATALOG_COMPILER_GLOBAL_ACCENT_COLOR_NAME = AccentColor;
				CODE_SIGN_IDENTITY = "Apple Development";
				CODE_SIGN_STYLE = Automatic;
				CURRENT_PROJECT_VERSION = 1;
				DEVELOPMENT_TEAM = WTACS7T64P;
				ENABLE_PREVIEWS = YES;
				GENERATE_INFOPLIST_FILE = NO;
				INFOPLIST_FILE = Info.plist;
				INFOPLIST_KEY_UIApplicationSceneManifest_Generation = YES;
				INFOPLIST_KEY_UIApplicationSupportsIndirectInputEvents = YES;
				INFOPLIST_KEY_UILaunchScreen_Generation = YES;
				INFOPLIST_KEY_UISupportedInterfaceOrientations_iPad = "UIInterfaceOrientationPortrait UIInterfaceOrientationPortraitUpsideDown UIInterfaceOrientationLandscapeLeft UIInterfaceOrientationLandscapeRight";
				INFOPLIST_KEY_UISupportedInterfaceOrientations_iPhone = "UIInterfaceOrientationPortrait UIInterfaceOrientationLandscapeLeft UIInterfaceOrientationLandscapeRight";
				LD_RUNPATH_SEARCH_PATHS = (
					"$(inherited)",
					"@executable_path/Frameworks",
				);
				MARKETING_VERSION = 1.0;
				PRODUCT_BUNDLE_IDENTIFIER = "Regan-Yang.GlassesNotes";
				PRODUCT_NAME = "$(TARGET_NAME)";
				PROVISIONING_PROFILE_SPECIFIER = "";
				SWIFT_EMIT_LOC_STRINGS = YES;
				SWIFT_VERSION = 5.0;
				TARGETED_DEVICE_FAMILY = "1,2";
			};
			name = Debug;
		};
		CE6C37D02FB82C8F000F7D93 /* Release */ = {
			isa = XCBuildConfiguration;
			buildSettings = {
				ASSETCATALOG_COMPILER_APPICON_NAME = AppIcon;
				ASSETCATALOG_COMPILER_GLOBAL_ACCENT_COLOR_NAME = AccentColor;
				CODE_SIGN_IDENTITY = "Apple Development";
				CODE_SIGN_STYLE = Automatic;
				CURRENT_PROJECT_VERSION = 1;
				DEVELOPMENT_TEAM = WTACS7T64P;
				ENABLE_PREVIEWS = YES;
				GENERATE_INFOPLIST_FILE = NO;
				INFOPLIST_FILE = Info.plist;
				INFOPLIST_KEY_UIApplicationSceneManifest_Generation = YES;
				INFOPLIST_KEY_UIApplicationSupportsIndirectInputEvents = YES;
				INFOPLIST_KEY_UILaunchScreen_Generation = YES;
				INFOPLIST_KEY_UISupportedInterfaceOrientations_iPad = "UIInterfaceOrientationPortrait UIInterfaceOrientationPortraitUpsideDown UIInterfaceOrientationLandscapeLeft UIInterfaceOrientationLandscapeRight";
				INFOPLIST_KEY_UISupportedInterfaceOrientations_iPhone = "UIInterfaceOrientationPortrait UIInterfaceOrientationLandscapeLeft UIInterfaceOrientationLandscapeRight";
				LD_RUNPATH_SEARCH_PATHS = (
					"$(inherited)",
					"@executable_path/Frameworks",
				);
				MARKETING_VERSION = 1.0;
				PRODUCT_BUNDLE_IDENTIFIER = "Regan-Yang.GlassesNotes";
				PRODUCT_NAME = "$(TARGET_NAME)";
				PROVISIONING_PROFILE_SPECIFIER = "";
				SWIFT_EMIT_LOC_STRINGS = YES;
				SWIFT_VERSION = 5.0;
				TARGETED_DEVICE_FAMILY = "1,2";
			};
			name = Release;
		};
		CE6C37D22FB82C8F000F7D93 /* Debug */ = {
			isa = XCBuildConfiguration;
			buildSettings = {
				BUNDLE_LOADER = "$(TEST_HOST)";
				CODE_SIGN_STYLE = Automatic;
				CURRENT_PROJECT_VERSION = 1;
				GENERATE_INFOPLIST_FILE = NO;
				INFOPLIST_FILE = Info.plist;
				IPHONEOS_DEPLOYMENT_TARGET = 18.5;
				MARKETING_VERSION = 1.0;
				PRODUCT_BUNDLE_IDENTIFIER = "Regan-Yang.GlassesNotesTests";
				PRODUCT_NAME = "$(TARGET_NAME)";
				SWIFT_EMIT_LOC_STRINGS = NO;
				SWIFT_VERSION = 5.0;
				TARGETED_DEVICE_FAMILY = "1,2";
				TEST_HOST = "$(BUILT_PRODUCTS_DIR)/GlassesNotes.app/$(BUNDLE_EXECUTABLE_FOLDER_PATH)/GlassesNotes";
			};
			name = Debug;
		};
		CE6C37D32FB82C8F000F7D93 /* Release */ = {
			isa = XCBuildConfiguration;
			buildSettings = {
				BUNDLE_LOADER = "$(TEST_HOST)";
				CODE_SIGN_STYLE = Automatic;
				CURRENT_PROJECT_VERSION = 1;
				GENERATE_INFOPLIST_FILE = NO;
				INFOPLIST_FILE = Info.plist;
				IPHONEOS_DEPLOYMENT_TARGET = 18.5;
				MARKETING_VERSION = 1.0;
				PRODUCT_BUNDLE_IDENTIFIER = "Regan-Yang.GlassesNotesTests";
				PRODUCT_NAME = "$(TARGET_NAME)";
				SWIFT_EMIT_LOC_STRINGS = NO;
				SWIFT_VERSION = 5.0;
				TARGETED_DEVICE_FAMILY = "1,2";
				TEST_HOST = "$(BUILT_PRODUCTS_DIR)/GlassesNotes.app/$(BUNDLE_EXECUTABLE_FOLDER_PATH)/GlassesNotes";
			};
			name = Release;
		};
		CE6C37D52FB82C8F000F7D93 /* Debug */ = {
			isa = XCBuildConfiguration;
			buildSettings = {
				CODE_SIGN_STYLE = Automatic;
				CURRENT_PROJECT_VERSION = 1;
				GENERATE_INFOPLIST_FILE = NO;
				INFOPLIST_FILE = Info.plist;
				MARKETING_VERSION = 1.0;
				PRODUCT_BUNDLE_IDENTIFIER = "Regan-Yang.GlassesNotesUITests";
				PRODUCT_NAME = "$(TARGET_NAME)";
				SWIFT_EMIT_LOC_STRINGS = NO;
				SWIFT_VERSION = 5.0;
				TARGETED_DEVICE_FAMILY = "1,2";
				TEST_TARGET_NAME = GlassesNotes;
			};
			name = Debug;
		};
		CE6C37D62FB82C8F000F7D93 /* Release */ = {
			isa = XCBuildConfiguration;
			buildSettings = {
				CODE_SIGN_STYLE = Automatic;
				CURRENT_PROJECT_VERSION = 1;
				GENERATE_INFOPLIST_FILE = NO;
				INFOPLIST_FILE = Info.plist;
				MARKETING_VERSION = 1.0;
				PRODUCT_BUNDLE_IDENTIFIER = "Regan-Yang.GlassesNotesUITests";
				PRODUCT_NAME = "$(TARGET_NAME)";
				SWIFT_EMIT_LOC_STRINGS = NO;
				SWIFT_VERSION = 5.0;
				TARGETED_DEVICE_FAMILY = "1,2";
				TEST_TARGET_NAME = GlassesNotes;
			};
			name = Release;
		};
/* End XCBuildConfiguration section */

/* Begin XCConfigurationList section */
		CE6C37A82FB82C8D000F7D93 /* Build configuration list for PBXProject "GlassesNotes" */ = {
			isa = XCConfigurationList;
			buildConfigurations = (
				CE6C37CC2FB82C8F000F7D93 /* Debug */,
				CE6C37CD2FB82C8F000F7D93 /* Release */,
			);
			defaultConfigurationIsVisible = 0;
			defaultConfigurationName = Release;
		};
		CE6C37CE2FB82C8F000F7D93 /* Build configuration list for PBXNativeTarget "GlassesNotes" */ = {
			isa = XCConfigurationList;
			buildConfigurations = (
				CE6C37CF2FB82C8F000F7D93 /* Debug */,
				CE6C37D02FB82C8F000F7D93 /* Release */,
			);
			defaultConfigurationIsVisible = 0;
			defaultConfigurationName = Release;
		};
		CE6C37D12FB82C8F000F7D93 /* Build configuration list for PBXNativeTarget "GlassesNotesTests" */ = {
			isa = XCConfigurationList;
			buildConfigurations = (
				CE6C37D22FB82C8F000F7D93 /* Debug */,
				CE6C37D32FB82C8F000F7D93 /* Release */,
			);
			defaultConfigurationIsVisible = 0;
			defaultConfigurationName = Release;
		};
		CE6C37D42FB82C8F000F7D93 /* Build configuration list for PBXNativeTarget "GlassesNotesUITests" */ = {
			isa = XCConfigurationList;
			buildConfigurations = (
				CE6C37D52FB82C8F000F7D93 /* Debug */,
				CE6C37D62FB82C8F000F7D93 /* Release */,
			);
			defaultConfigurationIsVisible = 0;
			defaultConfigurationName = Release;
		};
/* End XCConfigurationList section */

/* Begin XCRemoteSwiftPackageReference section */
		CE19C7FF2FB8353200437402 /* XCRemoteSwiftPackageReference "meta-wearables-dat-ios" */ = {
			isa = XCRemoteSwiftPackageReference;
			repositoryURL = "https://github.com/facebook/meta-wearables-dat-ios";
			requirement = {
				kind = upToNextMajorVersion;
				minimumVersion = 0.7.0;
			};
		};
/* End XCRemoteSwiftPackageReference section */

/* Begin XCSwiftPackageProductDependency section */
		008EAA9C2FB917D400EDF27D /* MWDATMockDevice */ = {
			isa = XCSwiftPackageProductDependency;
			package = CE19C7FF2FB8353200437402 /* XCRemoteSwiftPackageReference "meta-wearables-dat-ios" */;
			productName = MWDATMockDevice;
		};
		008EAA9E2FB917D900EDF27D /* MWDATMockDeviceTestClient */ = {
			isa = XCSwiftPackageProductDependency;
			package = CE19C7FF2FB8353200437402 /* XCRemoteSwiftPackageReference "meta-wearables-dat-ios" */;
			productName = MWDATMockDeviceTestClient;
		};
		CE19C8002FB8353200437402 /* MWDATCamera */ = {
			isa = XCSwiftPackageProductDependency;
			package = CE19C7FF2FB8353200437402 /* XCRemoteSwiftPackageReference "meta-wearables-dat-ios" */;
			productName = MWDATCamera;
		};
		CE19C8022FB8353200437402 /* MWDATCore */ = {
			isa = XCSwiftPackageProductDependency;
			package = CE19C7FF2FB8353200437402 /* XCRemoteSwiftPackageReference "meta-wearables-dat-ios" */;
			productName = MWDATCore;
		};
		CE19C8042FB8353200437402 /* MWDATDisplay */ = {
			isa = XCSwiftPackageProductDependency;
			package = CE19C7FF2FB8353200437402 /* XCRemoteSwiftPackageReference "meta-wearables-dat-ios" */;
			productName = MWDATDisplay;
		};
		CE19C8062FB8353200437402 /* MWDATMockDevice */ = {
			isa = XCSwiftPackageProductDependency;
			package = CE19C7FF2FB8353200437402 /* XCRemoteSwiftPackageReference "meta-wearables-dat-ios" */;
			productName = MWDATMockDevice;
		};
		CE19C8082FB8353200437402 /* MWDATMockDeviceTestClient */ = {
			isa = XCSwiftPackageProductDependency;
			package = CE19C7FF2FB8353200437402 /* XCRemoteSwiftPackageReference "meta-wearables-dat-ios" */;
			productName = MWDATMockDeviceTestClient;
		};
/* End XCSwiftPackageProductDependency section */
	};
	rootObject = CE6C37A52FB82C8D000F7D93 /* Project object */;
}
